
Microsoft Visual Studio Solution File, Format Version 12.00
# Visual Studio Version 17
VisualStudioVersion = 17.13.35507.96 d17.13
MinimumVisualStudioVersion = 10.0.40219.1
Project("{FAE04EC0-301F-11D3-BF4B-00C04F79EFBC}") = "Library Management System", "Library Management System\Library Management System.csproj", "{8B9FF593-2173-472F-8E39-50F8F40DA624}"
EndProject
Global
	GlobalSection(SolutionConfigurationPlatforms) = preSolution
		Debug|Any CPU = Debug|Any CPU
		Release|Any CPU = Release|Any CPU
	EndGlobalSection
	GlobalSection(ProjectConfigurationPlatforms) = postSolution
		{8B9FF593-2173-472F-8E39-50F8F40DA624}.Debug|Any CPU.ActiveCfg = Debug|Any CPU
		{8B9FF593-2173-472F-8E39-50F8F40DA624}.Debug|Any CPU.Build.0 = Debug|Any CPU
		{8B9FF593-2173-472F-8E39-50F8F40DA624}.Release|Any CPU.ActiveCfg = Release|Any CPU
		{8B9FF593-2173-472F-8E39-50F8F40DA624}.Release|Any CPU.Build.0 = Release|Any CPU
	EndGlobalSection
	GlobalSection(SolutionProperties) = preSolution
		HideSolutionNode = FALSE
	EndGlobalSection
	GlobalSection(ExtensibilityGlobals) = postSolution
		SolutionGuid = {5E6FF940-22E1-4CA5-8A87-611D03AEF834}
	EndGlobalSection
EndGlobal
